
Microsoft Visual Studio Solution File, Format Version 12.00
# Visual Studio Version 16
VisualStudioVersion = 16.0.30621.155
MinimumVisualStudioVersion = 10.0.40219.1
Project("{8BC9CEB8-8B4A-11D0-8D11-00A0C91BC942}") = "ClangTest", "ClangTest\ClangTest.vcxproj", "{63D2972A-0608-40D7-AD38-A040811C4720}"
EndProject
Project("{8BC9CEB8-8B4A-11D0-8D11-00A0C91BC942}") = "ClangTest2", "ClangTest2\ClangTest2.vcxproj", "{CE16E325-E49A-4472-B429-4BEB1BB6767E}"
EndProject
Global
	GlobalSection(SolutionConfigurationPlatforms) = preSolution
		Debug|x64 = Debug|x64
		Debug|x86 = Debug|x86
		Release|x64 = Release|x64
		Release|x86 = Release|x86
	EndGlobalSection
	GlobalSection(ProjectConfigurationPlatforms) = postSolution
		{63D2972A-0608-40D7-AD38-A040811C4720}.Debug|x64.ActiveCfg = Debug|x64
		{63D2972A-0608-40D7-AD38-A040811C4720}.Debug|x64.Build.0 = Debug|x64
		{63D2972A-0608-40D7-AD38-A040811C4720}.Debug|x86.ActiveCfg = Debug|Win32
		{63D2972A-0608-40D7-AD38-A040811C4720}.Debug|x86.Build.0 = Debug|Win32
		{63D2972A-0608-40D7-AD38-A040811C4720}.Release|x64.ActiveCfg = Release|x64
		{63D2972A-0608-40D7-AD38-A040811C4720}.Release|x64.Build.0 = Release|x64
		{63D2972A-0608-40D7-AD38-A040811C4720}.Release|x86.ActiveCfg = Release|Win32
		{63D2972A-0608-40D7-AD38-A040811C4720}.Release|x86.Build.0 = Release|Win32
		{CE16E325-E49A-4472-B429-4BEB1BB6767E}.Debug|x64.ActiveCfg = Debug|x64
		{CE16E325-E49A-4472-B429-4BEB1BB6767E}.Debug|x64.Build.0 = Debug|x64
		{CE16E325-E49A-4472-B429-4BEB1BB6767E}.Debug|x86.ActiveCfg = Debug|Win32
		{CE16E325-E49A-4472-B429-4BEB1BB6767E}.Debug|x86.Build.0 = Debug|Win32
		{CE16E325-E49A-4472-B429-4BEB1BB6767E}.Release|x64.ActiveCfg = Release|x64
		{CE16E325-E49A-4472-B429-4BEB1BB6767E}.Release|x64.Build.0 = Release|x64
		{CE16E325-E49A-4472-B429-4BEB1BB6767E}.Release|x86.ActiveCfg = Release|Win32
		{CE16E325-E49A-4472-B429-4BEB1BB6767E}.Release|x86.Build.0 = Release|Win32
	EndGlobalSection
	GlobalSection(SolutionProperties) = preSolution
		HideSolutionNode = FALSE
	EndGlobalSection
	GlobalSection(ExtensibilityGlobals) = postSolution
		SolutionGuid = {FFDC4199-872F-4033-88C5-E56AB0E605B8}
	EndGlobalSection
EndGlobal
